{
  "name": "simple-pow-blockchain",
  "version": "0.0.1",
  "lockfileVersion": 2,
  "requires": true,
  "packages": {
    "": {
      "name": "simple-pow-blockchain",
      "version": "0.0.1",
      "license": "ISC",
      "dependencies": {
        "sjcl": "^1.0.8"
      },
      "devDependencies": {
        "@types/sjcl": "^1.0.29",
        "typescript": "^4.2.4"
      }
    },
    "node_modules/@types/sjcl": {
      "version": "1.0.29",
      "resolved": "https://registry.npmjs.org/@types/sjcl/-/sjcl-1.0.29.tgz",
      "integrity": "sha512-gP9M7Oq4xAoDpuueWHeOTasccV4K6iFBEBPbR0tXejKT/e/Gkla0XcJ9REmgSCICt6y8/ubcvXFtiZ4ZLQ6BKA==",
      "dev": true
    },
    "node_modules/sjcl": {
      "version": "1.0.8",
      "resolved": "https://registry.npmjs.org/sjcl/-/sjcl-1.0.8.tgz",
      "integrity": "sha512-LzIjEQ0S0DpIgnxMEayM1rq9aGwGRG4OnZhCdjx7glTaJtf4zRfpg87ImfjSJjoW9vKpagd82McDOwbRT5kQKQ==",
      "engines": {
        "node": "*"
      }
    },
    "node_modules/typescript": {
      "version": "4.2.4",
      "resolved": "https://registry.npmjs.org/typescript/-/typescript-4.2.4.tgz",
      "integrity": "sha512-V+evlYHZnQkaz8TRBuxTA92yZBPotr5H+WhQ7bD3hZUndx5tGOa1fuCgeSjxAzM1RiN5IzvadIXTVefuuwZCRg==",
      "dev": true,
      "bin": {
        "tsc": "bin/tsc",
        "tsserver": "bin/tsserver"
      },
      "engines": {
        "node": ">=4.2.0"
      }
    }
  },
  "dependencies": {
    "@types/sjcl": {
      "version": "1.0.29",
      "resolved": "https://registry.npmjs.org/@types/sjcl/-/sjcl-1.0.29.tgz",
      "integrity": "sha512-gP9M7Oq4xAoDpuueWHeOTasccV4K6iFBEBPbR0tXejKT/e/Gkla0XcJ9REmgSCICt6y8/ubcvXFtiZ4ZLQ6BKA==",
      "dev": true
    },
    "sjcl": {
      "version": "1.0.8",
      "resolved": "https://registry.npmjs.org/sjcl/-/sjcl-1.0.8.tgz",
      "integrity": "sha512-LzIjEQ0S0DpIgnxMEayM1rq9aGwGRG4OnZhCdjx7glTaJtf4zRfpg87ImfjSJjoW9vKpagd82McDOwbRT5kQKQ=="
    },
    "typescript": {
      "version": "4.2.4",
      "resolved": "https://registry.npmjs.org/typescript/-/typescript-4.2.4.tgz",
      "integrity": "sha512-V+evlYHZnQkaz8TRBuxTA92yZBPotr5H+WhQ7bD3hZUndx5tGOa1fuCgeSjxAzM1RiN5IzvadIXTVefuuwZCRg==",
      "dev": true
    }
  }
}
